
Microsoft Visual Studio Solution File, Format Version 12.00
Project("{FAE04EC0-301F-11D3-BF4B-00C04F79EFBC}") = "projects", "задание 2\задание 2.csproj", "{7C7E2056-3413-4121-A167-C8ADDA9C942B}"
EndProject
Project("{FAE04EC0-301F-11D3-BF4B-00C04F79EFBC}") = "task_1 osnovi", "task_1 osnovi\task_1 osnovi.csproj", "{9E22934E-5A9F-4C66-AB76-23ACCD4D92A4}"
EndProject
Project("{2150E333-8FDC-42A3-9474-1A3956D46DE8}") = "Them switch", "Them switch", "{F2D0CCA0-BEE9-456B-89BF-32C0DA6986EE}"
EndProject
Project("{FAE04EC0-301F-11D3-BF4B-00C04F79EFBC}") = "task 4", "task 4\task 4.csproj", "{C1981D5A-7A7A-4F86-B924-F0DE578E0C86}"
EndProject
Project("{2150E333-8FDC-42A3-9474-1A3956D46DE8}") = "Arrray", "Arrray", "{A241E251-4912-42B9-BE72-3DBE7A06F233}"
EndProject
Project("{FAE04EC0-301F-11D3-BF4B-00C04F79EFBC}") = "Array 2", "Array 2\Array 2.csproj", "{6F687BE4-FB77-4F82-B396-2CA6FEA82C8A}"
EndProject
Project("{FAE04EC0-301F-11D3-BF4B-00C04F79EFBC}") = "Array 3", "Array 3\Array 3.csproj", "{7D322101-4A0C-4828-8D4E-337D2D8A1639}"
EndProject
Project("{2150E333-8FDC-42A3-9474-1A3956D46DE8}") = "prac tasts ", "prac tasts ", "{30CBE243-01FF-4287-BCA9-46DD436338A2}"
EndProject
Project("{FAE04EC0-301F-11D3-BF4B-00C04F79EFBC}") = "task 1", "task 1\task 1.csproj", "{480123DA-5792-42DF-9CB9-448F36CE0D45}"
EndProject
Project("{FAE04EC0-301F-11D3-BF4B-00C04F79EFBC}") = "task 2", "task 2\task 2.csproj", "{DE3A4F60-7873-440A-AB39-B6EC5C4289D6}"
EndProject
Global
	GlobalSection(SolutionConfigurationPlatforms) = preSolution
		Debug|Any CPU = Debug|Any CPU
		Release|Any CPU = Release|Any CPU
	EndGlobalSection
	GlobalSection(ProjectConfigurationPlatforms) = postSolution
		{7C7E2056-3413-4121-A167-C8ADDA9C942B}.Debug|Any CPU.ActiveCfg = Debug|Any CPU
		{7C7E2056-3413-4121-A167-C8ADDA9C942B}.Debug|Any CPU.Build.0 = Debug|Any CPU
		{7C7E2056-3413-4121-A167-C8ADDA9C942B}.Release|Any CPU.ActiveCfg = Release|Any CPU
		{7C7E2056-3413-4121-A167-C8ADDA9C942B}.Release|Any CPU.Build.0 = Release|Any CPU
		{9E22934E-5A9F-4C66-AB76-23ACCD4D92A4}.Debug|Any CPU.ActiveCfg = Debug|Any CPU
		{9E22934E-5A9F-4C66-AB76-23ACCD4D92A4}.Debug|Any CPU.Build.0 = Debug|Any CPU
		{9E22934E-5A9F-4C66-AB76-23ACCD4D92A4}.Release|Any CPU.ActiveCfg = Release|Any CPU
		{9E22934E-5A9F-4C66-AB76-23ACCD4D92A4}.Release|Any CPU.Build.0 = Release|Any CPU
		{C1981D5A-7A7A-4F86-B924-F0DE578E0C86}.Debug|Any CPU.ActiveCfg = Debug|Any CPU
		{C1981D5A-7A7A-4F86-B924-F0DE578E0C86}.Debug|Any CPU.Build.0 = Debug|Any CPU
		{C1981D5A-7A7A-4F86-B924-F0DE578E0C86}.Release|Any CPU.ActiveCfg = Release|Any CPU
		{C1981D5A-7A7A-4F86-B924-F0DE578E0C86}.Release|Any CPU.Build.0 = Release|Any CPU
		{6F687BE4-FB77-4F82-B396-2CA6FEA82C8A}.Debug|Any CPU.ActiveCfg = Debug|Any CPU
		{6F687BE4-FB77-4F82-B396-2CA6FEA82C8A}.Debug|Any CPU.Build.0 = Debug|Any CPU
		{6F687BE4-FB77-4F82-B396-2CA6FEA82C8A}.Release|Any CPU.ActiveCfg = Release|Any CPU
		{6F687BE4-FB77-4F82-B396-2CA6FEA82C8A}.Release|Any CPU.Build.0 = Release|Any CPU
		{7D322101-4A0C-4828-8D4E-337D2D8A1639}.Debug|Any CPU.ActiveCfg = Debug|Any CPU
		{7D322101-4A0C-4828-8D4E-337D2D8A1639}.Debug|Any CPU.Build.0 = Debug|Any CPU
		{7D322101-4A0C-4828-8D4E-337D2D8A1639}.Release|Any CPU.ActiveCfg = Release|Any CPU
		{7D322101-4A0C-4828-8D4E-337D2D8A1639}.Release|Any CPU.Build.0 = Release|Any CPU
		{480123DA-5792-42DF-9CB9-448F36CE0D45}.Debug|Any CPU.ActiveCfg = Debug|Any CPU
		{480123DA-5792-42DF-9CB9-448F36CE0D45}.Debug|Any CPU.Build.0 = Debug|Any CPU
		{480123DA-5792-42DF-9CB9-448F36CE0D45}.Release|Any CPU.ActiveCfg = Release|Any CPU
		{480123DA-5792-42DF-9CB9-448F36CE0D45}.Release|Any CPU.Build.0 = Release|Any CPU
		{DE3A4F60-7873-440A-AB39-B6EC5C4289D6}.Debug|Any CPU.ActiveCfg = Debug|Any CPU
		{DE3A4F60-7873-440A-AB39-B6EC5C4289D6}.Debug|Any CPU.Build.0 = Debug|Any CPU
		{DE3A4F60-7873-440A-AB39-B6EC5C4289D6}.Release|Any CPU.ActiveCfg = Release|Any CPU
		{DE3A4F60-7873-440A-AB39-B6EC5C4289D6}.Release|Any CPU.Build.0 = Release|Any CPU
	EndGlobalSection
	GlobalSection(NestedProjects) = preSolution
		{9E22934E-5A9F-4C66-AB76-23ACCD4D92A4} = {F2D0CCA0-BEE9-456B-89BF-32C0DA6986EE}
		{7C7E2056-3413-4121-A167-C8ADDA9C942B} = {F2D0CCA0-BEE9-456B-89BF-32C0DA6986EE}
		{C1981D5A-7A7A-4F86-B924-F0DE578E0C86} = {F2D0CCA0-BEE9-456B-89BF-32C0DA6986EE}
		{6F687BE4-FB77-4F82-B396-2CA6FEA82C8A} = {A241E251-4912-42B9-BE72-3DBE7A06F233}
		{7D322101-4A0C-4828-8D4E-337D2D8A1639} = {A241E251-4912-42B9-BE72-3DBE7A06F233}
		{480123DA-5792-42DF-9CB9-448F36CE0D45} = {30CBE243-01FF-4287-BCA9-46DD436338A2}
		{DE3A4F60-7873-440A-AB39-B6EC5C4289D6} = {F2D0CCA0-BEE9-456B-89BF-32C0DA6986EE}
	EndGlobalSection
EndGlobal
