
Microsoft Visual Studio Solution File, Format Version 12.00
Project("{FAE04EC0-301F-11D3-BF4B-00C04F79EFBC}") = "projects", "задание 2\задание 2.csproj", "{7C7E2056-3413-4121-A167-C8ADDA9C942B}"
EndProject
Project("{FAE04EC0-301F-11D3-BF4B-00C04F79EFBC}") = "task_1 osnovi", "task_1 osnovi\task_1 osnovi.csproj", "{9E22934E-5A9F-4C66-AB76-23ACCD4D92A4}"
EndProject
Project("{2150E333-8FDC-42A3-9474-1A3956D46DE8}") = "Them switch", "Them switch", "{F2D0CCA0-BEE9-456B-89BF-32C0DA6986EE}"
EndProject
Project("{FAE04EC0-301F-11D3-BF4B-00C04F79EFBC}") = "task 4", "task 4\task 4.csproj", "{C1981D5A-7A7A-4F86-B924-F0DE578E0C86}"
EndProject
Project("{2150E333-8FDC-42A3-9474-1A3956D46DE8}") = "Arrray", "Arrray", "{A241E251-4912-42B9-BE72-3DBE7A06F233}"
EndProject
Project("{FAE04EC0-301F-11D3-BF4B-00C04F79EFBC}") = "Array 2", "Array 2\Array 2.csproj", "{6F687BE4-FB77-4F82-B396-2CA6FEA82C8A}"
EndProject
Project("{FAE04EC0-301F-11D3-BF4B-00C04F79EFBC}") = "Array 3", "Array 3\Array 3.csproj", "{7D322101-4A0C-4828-8D4E-337D2D8A1639}"
EndProject
Project("{2150E333-8FDC-42A3-9474-1A3956D46DE8}") = "prac tasts ", "prac tasts ", "{30CBE243-01FF-4287-BCA9-46DD436338A2}"
EndProject
Project("{FAE04EC0-301F-11D3-BF4B-00C04F79EFBC}") = "task 1", "task 1\task 1.csproj", "{480123DA-5792-42DF-9CB9-448F36CE0D45}"
EndProject
Project("{FAE04EC0-301F-11D3-BF4B-00C04F79EFBC}") = "task 2", "task 2\task 2.csproj", "{DE3A4F60-7873-440A-AB39-B6EC5C4289D6}"
EndProject
Project("{FAE04EC0-301F-11D3-BF4B-00C04F79EFBC}") = "dlya rema", "dlya rema\dlya rema.csproj", "{5C7F3C5A-9814-40B3-9686-B478C6B94DBC}"
EndProject
Project("{FAE04EC0-301F-11D3-BF4B-00C04F79EFBC}") = "dlya rema 2", "dlya rema 2\dlya rema 2.csproj", "{C2C65F71-862C-4D89-B651-E981CF3E7A3C}"
EndProject
Project("{FAE04EC0-301F-11D3-BF4B-00C04F79EFBC}") = "dlya ilushi", "dlya ilushi\dlya ilushi.csproj", "{B3F87E98-707B-40AB-8B0E-20468212957C}"
EndProject
Project("{FAE04EC0-301F-11D3-BF4B-00C04F79EFBC}") = "dlya ilushi 2", "dlya ilushi 2\dlya ilushi 2.csproj", "{6CF57174-080B-4548-A9A3-4683D00CD180}"
EndProject
Project("{FAE04EC0-301F-11D3-BF4B-00C04F79EFBC}") = "dsaassd", "dsaassd\dsaassd.csproj", "{688CB184-B61F-415F-9687-D2ACE558BD40}"
EndProject
Project("{FAE04EC0-301F-11D3-BF4B-00C04F79EFBC}") = "задание адин", "задание адин\задание адин.csproj", "{98F1F617-ACEB-4254-A3F1-1246BFF16178}"
EndProject
Project("{FAE04EC0-301F-11D3-BF4B-00C04F79EFBC}") = "задание два", "задание два\задание два.csproj", "{E3B41788-8CA4-4B05-ABD4-AFD40B320349}"
EndProject
Project("{FAE04EC0-301F-11D3-BF4B-00C04F79EFBC}") = "задание трэ", "задание трэ\задание трэ.csproj", "{9B5C203D-453D-4740-8AF9-DAE773E0BA07}"
EndProject
Project("{2150E333-8FDC-42A3-9474-1A3956D46DE8}") = "Calculator ", "Calculator ", "{7845A032-418D-42F0-989E-3F72AC042172}"
EndProject
Project("{FAE04EC0-301F-11D3-BF4B-00C04F79EFBC}") = "program", "program\program.csproj", "{2224B1F2-C331-4618-A3DA-0A2421CFAF66}"
EndProject
Project("{2150E333-8FDC-42A3-9474-1A3956D46DE8}") = "Dota heroes", "Dota heroes", "{ECF21F07-6345-4246-9EA9-296A7480B727}"
EndProject
Project("{FAE04EC0-301F-11D3-BF4B-00C04F79EFBC}") = "DotaHeroes", "DotaHeroes\DotaHeroes.csproj", "{22ECC561-A429-4E5D-97DB-B89B039C6585}"
EndProject
Project("{FAE04EC0-301F-11D3-BF4B-00C04F79EFBC}") = "recursionTask", "recursionTask\recursionTask.csproj", "{DD14827D-C48D-4AEE-9ACA-7C674B77DD54}"
EndProject
Project("{FAE04EC0-301F-11D3-BF4B-00C04F79EFBC}") = "recursionTask2", "recursionTask2\recursionTask2.csproj", "{7F521A41-C34F-400D-8527-BBF31B941BEE}"
EndProject
Global
	GlobalSection(SolutionConfigurationPlatforms) = preSolution
		Debug|Any CPU = Debug|Any CPU
		Release|Any CPU = Release|Any CPU
	EndGlobalSection
	GlobalSection(ProjectConfigurationPlatforms) = postSolution
		{7C7E2056-3413-4121-A167-C8ADDA9C942B}.Debug|Any CPU.ActiveCfg = Debug|Any CPU
		{7C7E2056-3413-4121-A167-C8ADDA9C942B}.Debug|Any CPU.Build.0 = Debug|Any CPU
		{7C7E2056-3413-4121-A167-C8ADDA9C942B}.Release|Any CPU.ActiveCfg = Release|Any CPU
		{7C7E2056-3413-4121-A167-C8ADDA9C942B}.Release|Any CPU.Build.0 = Release|Any CPU
		{9E22934E-5A9F-4C66-AB76-23ACCD4D92A4}.Debug|Any CPU.ActiveCfg = Debug|Any CPU
		{9E22934E-5A9F-4C66-AB76-23ACCD4D92A4}.Debug|Any CPU.Build.0 = Debug|Any CPU
		{9E22934E-5A9F-4C66-AB76-23ACCD4D92A4}.Release|Any CPU.ActiveCfg = Release|Any CPU
		{9E22934E-5A9F-4C66-AB76-23ACCD4D92A4}.Release|Any CPU.Build.0 = Release|Any CPU
		{C1981D5A-7A7A-4F86-B924-F0DE578E0C86}.Debug|Any CPU.ActiveCfg = Debug|Any CPU
		{C1981D5A-7A7A-4F86-B924-F0DE578E0C86}.Debug|Any CPU.Build.0 = Debug|Any CPU
		{C1981D5A-7A7A-4F86-B924-F0DE578E0C86}.Release|Any CPU.ActiveCfg = Release|Any CPU
		{C1981D5A-7A7A-4F86-B924-F0DE578E0C86}.Release|Any CPU.Build.0 = Release|Any CPU
		{6F687BE4-FB77-4F82-B396-2CA6FEA82C8A}.Debug|Any CPU.ActiveCfg = Debug|Any CPU
		{6F687BE4-FB77-4F82-B396-2CA6FEA82C8A}.Debug|Any CPU.Build.0 = Debug|Any CPU
		{6F687BE4-FB77-4F82-B396-2CA6FEA82C8A}.Release|Any CPU.ActiveCfg = Release|Any CPU
		{6F687BE4-FB77-4F82-B396-2CA6FEA82C8A}.Release|Any CPU.Build.0 = Release|Any CPU
		{7D322101-4A0C-4828-8D4E-337D2D8A1639}.Debug|Any CPU.ActiveCfg = Debug|Any CPU
		{7D322101-4A0C-4828-8D4E-337D2D8A1639}.Debug|Any CPU.Build.0 = Debug|Any CPU
		{7D322101-4A0C-4828-8D4E-337D2D8A1639}.Release|Any CPU.ActiveCfg = Release|Any CPU
		{7D322101-4A0C-4828-8D4E-337D2D8A1639}.Release|Any CPU.Build.0 = Release|Any CPU
		{480123DA-5792-42DF-9CB9-448F36CE0D45}.Debug|Any CPU.ActiveCfg = Debug|Any CPU
		{480123DA-5792-42DF-9CB9-448F36CE0D45}.Debug|Any CPU.Build.0 = Debug|Any CPU
		{480123DA-5792-42DF-9CB9-448F36CE0D45}.Release|Any CPU.ActiveCfg = Release|Any CPU
		{480123DA-5792-42DF-9CB9-448F36CE0D45}.Release|Any CPU.Build.0 = Release|Any CPU
		{DE3A4F60-7873-440A-AB39-B6EC5C4289D6}.Debug|Any CPU.ActiveCfg = Debug|Any CPU
		{DE3A4F60-7873-440A-AB39-B6EC5C4289D6}.Debug|Any CPU.Build.0 = Debug|Any CPU
		{DE3A4F60-7873-440A-AB39-B6EC5C4289D6}.Release|Any CPU.ActiveCfg = Release|Any CPU
		{DE3A4F60-7873-440A-AB39-B6EC5C4289D6}.Release|Any CPU.Build.0 = Release|Any CPU
		{5C7F3C5A-9814-40B3-9686-B478C6B94DBC}.Debug|Any CPU.ActiveCfg = Debug|Any CPU
		{5C7F3C5A-9814-40B3-9686-B478C6B94DBC}.Debug|Any CPU.Build.0 = Debug|Any CPU
		{5C7F3C5A-9814-40B3-9686-B478C6B94DBC}.Release|Any CPU.ActiveCfg = Release|Any CPU
		{5C7F3C5A-9814-40B3-9686-B478C6B94DBC}.Release|Any CPU.Build.0 = Release|Any CPU
		{C2C65F71-862C-4D89-B651-E981CF3E7A3C}.Debug|Any CPU.ActiveCfg = Debug|Any CPU
		{C2C65F71-862C-4D89-B651-E981CF3E7A3C}.Debug|Any CPU.Build.0 = Debug|Any CPU
		{C2C65F71-862C-4D89-B651-E981CF3E7A3C}.Release|Any CPU.ActiveCfg = Release|Any CPU
		{C2C65F71-862C-4D89-B651-E981CF3E7A3C}.Release|Any CPU.Build.0 = Release|Any CPU
		{B3F87E98-707B-40AB-8B0E-20468212957C}.Debug|Any CPU.ActiveCfg = Debug|Any CPU
		{B3F87E98-707B-40AB-8B0E-20468212957C}.Debug|Any CPU.Build.0 = Debug|Any CPU
		{B3F87E98-707B-40AB-8B0E-20468212957C}.Release|Any CPU.ActiveCfg = Release|Any CPU
		{B3F87E98-707B-40AB-8B0E-20468212957C}.Release|Any CPU.Build.0 = Release|Any CPU
		{6CF57174-080B-4548-A9A3-4683D00CD180}.Debug|Any CPU.ActiveCfg = Debug|Any CPU
		{6CF57174-080B-4548-A9A3-4683D00CD180}.Debug|Any CPU.Build.0 = Debug|Any CPU
		{6CF57174-080B-4548-A9A3-4683D00CD180}.Release|Any CPU.ActiveCfg = Release|Any CPU
		{6CF57174-080B-4548-A9A3-4683D00CD180}.Release|Any CPU.Build.0 = Release|Any CPU
		{688CB184-B61F-415F-9687-D2ACE558BD40}.Debug|Any CPU.ActiveCfg = Debug|Any CPU
		{688CB184-B61F-415F-9687-D2ACE558BD40}.Debug|Any CPU.Build.0 = Debug|Any CPU
		{688CB184-B61F-415F-9687-D2ACE558BD40}.Release|Any CPU.ActiveCfg = Release|Any CPU
		{688CB184-B61F-415F-9687-D2ACE558BD40}.Release|Any CPU.Build.0 = Release|Any CPU
		{98F1F617-ACEB-4254-A3F1-1246BFF16178}.Debug|Any CPU.ActiveCfg = Debug|Any CPU
		{98F1F617-ACEB-4254-A3F1-1246BFF16178}.Debug|Any CPU.Build.0 = Debug|Any CPU
		{98F1F617-ACEB-4254-A3F1-1246BFF16178}.Release|Any CPU.ActiveCfg = Release|Any CPU
		{98F1F617-ACEB-4254-A3F1-1246BFF16178}.Release|Any CPU.Build.0 = Release|Any CPU
		{E3B41788-8CA4-4B05-ABD4-AFD40B320349}.Debug|Any CPU.ActiveCfg = Debug|Any CPU
		{E3B41788-8CA4-4B05-ABD4-AFD40B320349}.Debug|Any CPU.Build.0 = Debug|Any CPU
		{E3B41788-8CA4-4B05-ABD4-AFD40B320349}.Release|Any CPU.ActiveCfg = Release|Any CPU
		{E3B41788-8CA4-4B05-ABD4-AFD40B320349}.Release|Any CPU.Build.0 = Release|Any CPU
		{9B5C203D-453D-4740-8AF9-DAE773E0BA07}.Debug|Any CPU.ActiveCfg = Debug|Any CPU
		{9B5C203D-453D-4740-8AF9-DAE773E0BA07}.Debug|Any CPU.Build.0 = Debug|Any CPU
		{9B5C203D-453D-4740-8AF9-DAE773E0BA07}.Release|Any CPU.ActiveCfg = Release|Any CPU
		{9B5C203D-453D-4740-8AF9-DAE773E0BA07}.Release|Any CPU.Build.0 = Release|Any CPU
		{2224B1F2-C331-4618-A3DA-0A2421CFAF66}.Debug|Any CPU.ActiveCfg = Debug|Any CPU
		{2224B1F2-C331-4618-A3DA-0A2421CFAF66}.Debug|Any CPU.Build.0 = Debug|Any CPU
		{2224B1F2-C331-4618-A3DA-0A2421CFAF66}.Release|Any CPU.ActiveCfg = Release|Any CPU
		{2224B1F2-C331-4618-A3DA-0A2421CFAF66}.Release|Any CPU.Build.0 = Release|Any CPU
		{22ECC561-A429-4E5D-97DB-B89B039C6585}.Debug|Any CPU.ActiveCfg = Debug|Any CPU
		{22ECC561-A429-4E5D-97DB-B89B039C6585}.Debug|Any CPU.Build.0 = Debug|Any CPU
		{22ECC561-A429-4E5D-97DB-B89B039C6585}.Release|Any CPU.ActiveCfg = Release|Any CPU
		{22ECC561-A429-4E5D-97DB-B89B039C6585}.Release|Any CPU.Build.0 = Release|Any CPU
		{DD14827D-C48D-4AEE-9ACA-7C674B77DD54}.Debug|Any CPU.ActiveCfg = Debug|Any CPU
		{DD14827D-C48D-4AEE-9ACA-7C674B77DD54}.Debug|Any CPU.Build.0 = Debug|Any CPU
		{DD14827D-C48D-4AEE-9ACA-7C674B77DD54}.Release|Any CPU.ActiveCfg = Release|Any CPU
		{DD14827D-C48D-4AEE-9ACA-7C674B77DD54}.Release|Any CPU.Build.0 = Release|Any CPU
		{7F521A41-C34F-400D-8527-BBF31B941BEE}.Debug|Any CPU.ActiveCfg = Debug|Any CPU
		{7F521A41-C34F-400D-8527-BBF31B941BEE}.Debug|Any CPU.Build.0 = Debug|Any CPU
		{7F521A41-C34F-400D-8527-BBF31B941BEE}.Release|Any CPU.ActiveCfg = Release|Any CPU
		{7F521A41-C34F-400D-8527-BBF31B941BEE}.Release|Any CPU.Build.0 = Release|Any CPU
	EndGlobalSection
	GlobalSection(NestedProjects) = preSolution
		{9E22934E-5A9F-4C66-AB76-23ACCD4D92A4} = {F2D0CCA0-BEE9-456B-89BF-32C0DA6986EE}
		{7C7E2056-3413-4121-A167-C8ADDA9C942B} = {F2D0CCA0-BEE9-456B-89BF-32C0DA6986EE}
		{C1981D5A-7A7A-4F86-B924-F0DE578E0C86} = {F2D0CCA0-BEE9-456B-89BF-32C0DA6986EE}
		{6F687BE4-FB77-4F82-B396-2CA6FEA82C8A} = {A241E251-4912-42B9-BE72-3DBE7A06F233}
		{7D322101-4A0C-4828-8D4E-337D2D8A1639} = {A241E251-4912-42B9-BE72-3DBE7A06F233}
		{480123DA-5792-42DF-9CB9-448F36CE0D45} = {30CBE243-01FF-4287-BCA9-46DD436338A2}
		{DE3A4F60-7873-440A-AB39-B6EC5C4289D6} = {F2D0CCA0-BEE9-456B-89BF-32C0DA6986EE}
		{5C7F3C5A-9814-40B3-9686-B478C6B94DBC} = {F2D0CCA0-BEE9-456B-89BF-32C0DA6986EE}
		{C2C65F71-862C-4D89-B651-E981CF3E7A3C} = {F2D0CCA0-BEE9-456B-89BF-32C0DA6986EE}
		{B3F87E98-707B-40AB-8B0E-20468212957C} = {F2D0CCA0-BEE9-456B-89BF-32C0DA6986EE}
		{6CF57174-080B-4548-A9A3-4683D00CD180} = {F2D0CCA0-BEE9-456B-89BF-32C0DA6986EE}
		{688CB184-B61F-415F-9687-D2ACE558BD40} = {F2D0CCA0-BEE9-456B-89BF-32C0DA6986EE}
		{98F1F617-ACEB-4254-A3F1-1246BFF16178} = {30CBE243-01FF-4287-BCA9-46DD436338A2}
		{E3B41788-8CA4-4B05-ABD4-AFD40B320349} = {30CBE243-01FF-4287-BCA9-46DD436338A2}
		{9B5C203D-453D-4740-8AF9-DAE773E0BA07} = {30CBE243-01FF-4287-BCA9-46DD436338A2}
		{2224B1F2-C331-4618-A3DA-0A2421CFAF66} = {7845A032-418D-42F0-989E-3F72AC042172}
		{22ECC561-A429-4E5D-97DB-B89B039C6585} = {ECF21F07-6345-4246-9EA9-296A7480B727}
		{DD14827D-C48D-4AEE-9ACA-7C674B77DD54} = {30CBE243-01FF-4287-BCA9-46DD436338A2}
		{7F521A41-C34F-400D-8527-BBF31B941BEE} = {30CBE243-01FF-4287-BCA9-46DD436338A2}
	EndGlobalSection
EndGlobal
